
Microsoft Visual Studio Solution File, Format Version 12.00
# Visual Studio Version 17
VisualStudioVersion = 17.0.31903.59
MinimumVisualStudioVersion = 10.0.40219.1
Project("{FAE04EC0-301F-11D3-BF4B-00C04F79EFBC}") = "StoreApp", "StoreApp\StoreApp.csproj", "{C77B3800-382C-4D1E-B1A6-34B892B3D355}"
EndProject
Project("{FAE04EC0-301F-11D3-BF4B-00C04F79EFBC}") = "Entities", "Entities\Entities.csproj", "{941A3DAA-D5B4-43C0-8148-4D8A511C887D}"
EndProject
Project("{FAE04EC0-301F-11D3-BF4B-00C04F79EFBC}") = "Repositories", "Repositories\Repositories.csproj", "{0D0D8F74-2397-457B-9354-352B7C0ED623}"
EndProject
Project("{FAE04EC0-301F-11D3-BF4B-00C04F79EFBC}") = "Services", "Services\Services.csproj", "{413097AF-02A1-4754-A731-F76C646A133E}"
EndProject
Project("{FAE04EC0-301F-11D3-BF4B-00C04F79EFBC}") = "Presentation", "Presentation\Presentation.csproj", "{13032F94-306F-490F-B8CB-353DC766A450}"
EndProject
Global
	GlobalSection(SolutionConfigurationPlatforms) = preSolution
		Debug|Any CPU = Debug|Any CPU
		Release|Any CPU = Release|Any CPU
	EndGlobalSection
	GlobalSection(SolutionProperties) = preSolution
		HideSolutionNode = FALSE
	EndGlobalSection
	GlobalSection(ProjectConfigurationPlatforms) = postSolution
		{C77B3800-382C-4D1E-B1A6-34B892B3D355}.Debug|Any CPU.ActiveCfg = Debug|Any CPU
		{C77B3800-382C-4D1E-B1A6-34B892B3D355}.Debug|Any CPU.Build.0 = Debug|Any CPU
		{C77B3800-382C-4D1E-B1A6-34B892B3D355}.Release|Any CPU.ActiveCfg = Release|Any CPU
		{C77B3800-382C-4D1E-B1A6-34B892B3D355}.Release|Any CPU.Build.0 = Release|Any CPU
		{941A3DAA-D5B4-43C0-8148-4D8A511C887D}.Debug|Any CPU.ActiveCfg = Debug|Any CPU
		{941A3DAA-D5B4-43C0-8148-4D8A511C887D}.Debug|Any CPU.Build.0 = Debug|Any CPU
		{941A3DAA-D5B4-43C0-8148-4D8A511C887D}.Release|Any CPU.ActiveCfg = Release|Any CPU
		{941A3DAA-D5B4-43C0-8148-4D8A511C887D}.Release|Any CPU.Build.0 = Release|Any CPU
		{0D0D8F74-2397-457B-9354-352B7C0ED623}.Debug|Any CPU.ActiveCfg = Debug|Any CPU
		{0D0D8F74-2397-457B-9354-352B7C0ED623}.Debug|Any CPU.Build.0 = Debug|Any CPU
		{0D0D8F74-2397-457B-9354-352B7C0ED623}.Release|Any CPU.ActiveCfg = Release|Any CPU
		{0D0D8F74-2397-457B-9354-352B7C0ED623}.Release|Any CPU.Build.0 = Release|Any CPU
		{413097AF-02A1-4754-A731-F76C646A133E}.Debug|Any CPU.ActiveCfg = Debug|Any CPU
		{413097AF-02A1-4754-A731-F76C646A133E}.Debug|Any CPU.Build.0 = Debug|Any CPU
		{413097AF-02A1-4754-A731-F76C646A133E}.Release|Any CPU.ActiveCfg = Release|Any CPU
		{413097AF-02A1-4754-A731-F76C646A133E}.Release|Any CPU.Build.0 = Release|Any CPU
		{13032F94-306F-490F-B8CB-353DC766A450}.Debug|Any CPU.ActiveCfg = Debug|Any CPU
		{13032F94-306F-490F-B8CB-353DC766A450}.Debug|Any CPU.Build.0 = Debug|Any CPU
		{13032F94-306F-490F-B8CB-353DC766A450}.Release|Any CPU.ActiveCfg = Release|Any CPU
		{13032F94-306F-490F-B8CB-353DC766A450}.Release|Any CPU.Build.0 = Release|Any CPU
	EndGlobalSection
EndGlobal
